{
  "name": "hw-8",
  "version": "1.0.0",
  "lockfileVersion": 1,
  "requires": true,
  "dependencies": {
    "inde.js": {
      "version": "1.0.0",
      "resolved": "https://registry.npmjs.org/inde.js/-/inde.js-1.0.0.tgz",
      "integrity": "sha1-T8S+qGPY7MPZaJ7nws+rBII9o8M="
    },
    "index.js": {
      "version": "0.0.3",
      "resolved": "https://registry.npmjs.org/index.js/-/index.js-0.0.3.tgz",
      "integrity": "sha1-JzOx9IbciQ7QJpiQJPWC2DXFI6w="
    }
  }
}
